
Microsoft Visual Studio Solution File, Format Version 12.00
# Visual Studio 14
VisualStudioVersion = 14.0.23107.0
MinimumVisualStudioVersion = 10.0.40219.1
Project("{2150E333-8FDC-42A3-9474-1A3956D46DE8}") = "Solution Items", "Solution Items", "{CF09EC5D-D4AA-492C-9BDF-767F7F69909A}"
	ProjectSection(SolutionItems) = preProject
		global.json = global.json
	EndProjectSection
EndProject
Project("{8BB2217D-0F2D-49D1-97BC-3654ED321F3B}") = "pushcs", "pushcs\pushcs.xproj", "{227AF3C0-381A-4D40-BA76-8396EFF9F2E1}"
EndProject
Project("{8BB2217D-0F2D-49D1-97BC-3654ED321F3B}") = "pushcs-sample", "pushcs-sample\pushcs-sample.xproj", "{DD2A484C-C09D-46DB-B6CA-DB24ACB7CEAB}"
EndProject
Global
	GlobalSection(SolutionConfigurationPlatforms) = preSolution
		Debug|Any CPU = Debug|Any CPU
		Release|Any CPU = Release|Any CPU
	EndGlobalSection
	GlobalSection(ProjectConfigurationPlatforms) = postSolution
		{227AF3C0-381A-4D40-BA76-8396EFF9F2E1}.Debug|Any CPU.ActiveCfg = Debug|Any CPU
		{227AF3C0-381A-4D40-BA76-8396EFF9F2E1}.Debug|Any CPU.Build.0 = Debug|Any CPU
		{227AF3C0-381A-4D40-BA76-8396EFF9F2E1}.Release|Any CPU.ActiveCfg = Release|Any CPU
		{227AF3C0-381A-4D40-BA76-8396EFF9F2E1}.Release|Any CPU.Build.0 = Release|Any CPU
		{DD2A484C-C09D-46DB-B6CA-DB24ACB7CEAB}.Debug|Any CPU.ActiveCfg = Debug|Any CPU
		{DD2A484C-C09D-46DB-B6CA-DB24ACB7CEAB}.Debug|Any CPU.Build.0 = Debug|Any CPU
		{DD2A484C-C09D-46DB-B6CA-DB24ACB7CEAB}.Release|Any CPU.ActiveCfg = Release|Any CPU
		{DD2A484C-C09D-46DB-B6CA-DB24ACB7CEAB}.Release|Any CPU.Build.0 = Release|Any CPU
	EndGlobalSection
	GlobalSection(SolutionProperties) = preSolution
		HideSolutionNode = FALSE
	EndGlobalSection
EndGlobal
